// !$*UTF8*$!
{
	archiveVersion = 1;
	classes = {
	};
	objectVersion = 46;
	objects = {

/* Begin PBXBuildFile section */
		7F39F0C61F04698800C5C49F /* SpaceAgeVC.swift in Sources */ = {isa = PBXBuildFile; fileRef = 7F39F0C51F04698800C5C49F /* SpaceAgeVC.swift */; };
		7F39F0C81F04794E00C5C49F /* Planet.swift in Sources */ = {isa = PBXBuildFile; fileRef = 7F39F0C71F04794E00C5C49F /* Planet.swift */; };
		7F39F0CA1F047A6100C5C49F /* PlanetCollection.swift in Sources */ = {isa = PBXBuildFile; fileRef = 7F39F0C91F047A6100C5C49F /* PlanetCollection.swift */; };
		7F97476B1F01DC92003249D4 /* AppDelegate.swift in Sources */ = {isa = PBXBuildFile; fileRef = 7F97476A1F01DC92003249D4 /* AppDelegate.swift */; };
		7F9747701F01DC92003249D4 /* Main.storyboard in Resources */ = {isa = PBXBuildFile; fileRef = 7F97476E1F01DC92003249D4 /* Main.storyboard */; };
		7F9747721F01DC92003249D4 /* Assets.xcassets in Resources */ = {isa = PBXBuildFile; fileRef = 7F9747711F01DC92003249D4 /* Assets.xcassets */; };
		7F9747751F01DC92003249D4 /* LaunchScreen.storyboard in Resources */ = {isa = PBXBuildFile; fileRef = 7F9747731F01DC92003249D4 /* LaunchScreen.storyboard */; };
/* End PBXBuildFile section */

/* Begin PBXFileReference section */
		7F39F0C51F04698800C5C49F /* SpaceAgeVC.swift */ = {isa = PBXFileReference; fileEncoding = 4; lastKnownFileType = sourcecode.swift; path = SpaceAgeVC.swift; sourceTree = "<group>"; };
		7F39F0C71F04794E00C5C49F /* Planet.swift */ = {isa = PBXFileReference; fileEncoding = 4; lastKnownFileType = sourcecode.swift; path = Planet.swift; sourceTree = "<group>"; };
		7F39F0C91F047A6100C5C49F /* PlanetCollection.swift */ = {isa = PBXFileReference; fileEncoding = 4; lastKnownFileType = sourcecode.swift; name = PlanetCollection.swift; path = Model/PlanetCollection.swift; sourceTree = "<group>"; };
		7F9747671F01DC92003249D4 /* Space Age.app */ = {isa = PBXFileReference; explicitFileType = wrapper.application; includeInIndex = 0; path = "Space Age.app"; sourceTree = BUILT_PRODUCTS_DIR; };
		7F97476A1F01DC92003249D4 /* AppDelegate.swift */ = {isa = PBXFileReference; lastKnownFileType = sourcecode.swift; path = AppDelegate.swift; sourceTree = "<group>"; };
		7F97476F1F01DC92003249D4 /* Base */ = {isa = PBXFileReference; lastKnownFileType = file.storyboard; name = Base; path = Base.lproj/Main.storyboard; sourceTree = "<group>"; };
		7F9747711F01DC92003249D4 /* Assets.xcassets */ = {isa = PBXFileReference; lastKnownFileType = folder.assetcatalog; path = Assets.xcassets; sourceTree = "<group>"; };
		7F9747741F01DC92003249D4 /* Base */ = {isa = PBXFileReference; lastKnownFileType = file.storyboard; name = Base; path = Base.lproj/LaunchScreen.storyboard; sourceTree = "<group>"; };
		7F9747761F01DC92003249D4 /* Info.plist */ = {isa = PBXFileReference; lastKnownFileType = text.plist.xml; path = Info.plist; sourceTree = "<group>"; };
		7F97477C1F01E343003249D4 /* AgeConversion.playground */ = {isa = PBXFileReference; lastKnownFileType = file.playground; path = AgeConversion.playground; sourceTree = "<group>"; };
/* End PBXFileReference section */

/* Begin PBXFrameworksBuildPhase section */
		7F9747641F01DC92003249D4 /* Frameworks */ = {
			isa = PBXFrameworksBuildPhase;
			buildActionMask = 2147483647;
			files = (
			);
			runOnlyForDeploymentPostprocessing = 0;
		};
/* End PBXFrameworksBuildPhase section */

/* Begin PBXGroup section */
		7F39F0CB1F047A9000C5C49F /* Model */ = {
			isa = PBXGroup;
			children = (
				7F39F0C71F04794E00C5C49F /* Planet.swift */,
				7F39F0C91F047A6100C5C49F /* PlanetCollection.swift */,
			);
			name = Model;
			sourceTree = "<group>";
		};
		7F39F0CC1F047AC600C5C49F /* VC */ = {
			isa = PBXGroup;
			children = (
				7F39F0C51F04698800C5C49F /* SpaceAgeVC.swift */,
			);
			name = VC;
			sourceTree = "<group>";
		};
		7F97475E1F01DC92003249D4 = {
			isa = PBXGroup;
			children = (
				7F9747691F01DC92003249D4 /* Space Age */,
				7F9747681F01DC92003249D4 /* Products */,
			);
			sourceTree = "<group>";
		};
		7F9747681F01DC92003249D4 /* Products */ = {
			isa = PBXGroup;
			children = (
				7F9747671F01DC92003249D4 /* Space Age.app */,
			);
			name = Products;
			sourceTree = "<group>";
		};
		7F9747691F01DC92003249D4 /* Space Age */ = {
			isa = PBXGroup;
			children = (
				7F97477D1F01E382003249D4 /* playgrounds */,
				7F97476A1F01DC92003249D4 /* AppDelegate.swift */,
				7F39F0CC1F047AC600C5C49F /* VC */,
				7F39F0CB1F047A9000C5C49F /* Model */,
				7F97476E1F01DC92003249D4 /* Main.storyboard */,
				7F9747711F01DC92003249D4 /* Assets.xcassets */,
				7F9747731F01DC92003249D4 /* LaunchScreen.storyboard */,
				7F9747761F01DC92003249D4 /* Info.plist */,
			);
			path = "Space Age";
			sourceTree = "<group>";
		};
		7F97477D1F01E382003249D4 /* playgrounds */ = {
			isa = PBXGroup;
			children = (
				7F97477C1F01E343003249D4 /* AgeConversion.playground */,
			);
			name = playgrounds;
			sourceTree = "<group>";
		};
/* End PBXGroup section */

/* Begin PBXNativeTarget section */
		7F9747661F01DC92003249D4 /* Space Age */ = {
			isa = PBXNativeTarget;
			buildConfigurationList = 7F9747791F01DC92003249D4 /* Build configuration list for PBXNativeTarget "Space Age" */;
			buildPhases = (
				7F9747631F01DC92003249D4 /* Sources */,
				7F9747641F01DC92003249D4 /* Frameworks */,
				7F9747651F01DC92003249D4 /* Resources */,
			);
			buildRules = (
			);
			dependencies = (
			);
			name = "Space Age";
			productName = "Space Age";
			productReference = 7F9747671F01DC92003249D4 /* Space Age.app */;
			productType = "com.apple.product-type.application";
		};
/* End PBXNativeTarget section */

/* Begin PBXProject section */
		7F97475F1F01DC92003249D4 /* Project object */ = {
			isa = PBXProject;
			attributes = {
				LastSwiftUpdateCheck = 0830;
				LastUpgradeCheck = 0830;
				ORGANIZATIONNAME = DP_Productions;
				TargetAttributes = {
					7F9747661F01DC92003249D4 = {
						CreatedOnToolsVersion = 8.3.3;
						DevelopmentTeam = 58EV2V79GJ;
						ProvisioningStyle = Automatic;
					};
				};
			};
			buildConfigurationList = 7F9747621F01DC92003249D4 /* Build configuration list for PBXProject "Space Age" */;
			compatibilityVersion = "Xcode 3.2";
			developmentRegion = English;
			hasScannedForEncodings = 0;
			knownRegions = (
				en,
				Base,
			);
			mainGroup = 7F97475E1F01DC92003249D4;
			productRefGroup = 7F9747681F01DC92003249D4 /* Products */;
			projectDirPath = "";
			projectRoot = "";
			targets = (
				7F9747661F01DC92003249D4 /* Space Age */,
			);
		};
/* End PBXProject section */

/* Begin PBXResourcesBuildPhase section */
		7F9747651F01DC92003249D4 /* Resources */ = {
			isa = PBXResourcesBuildPhase;
			buildActionMask = 2147483647;
			files = (
				7F9747751F01DC92003249D4 /* LaunchScreen.storyboard in Resources */,
				7F9747721F01DC92003249D4 /* Assets.xcassets in Resources */,
				7F9747701F01DC92003249D4 /* Main.storyboard in Resources */,
			);
			runOnlyForDeploymentPostprocessing = 0;
		};
/* End PBXResourcesBuildPhase section */

/* Begin PBXSourcesBuildPhase section */
		7F9747631F01DC92003249D4 /* Sources */ = {
			isa = PBXSourcesBuildPhase;
			buildActionMask = 2147483647;
			files = (
				7F39F0C81F04794E00C5C49F /* Planet.swift in Sources */,
				7F39F0CA1F047A6100C5C49F /* PlanetCollection.swift in Sources */,
				7F39F0C61F04698800C5C49F /* SpaceAgeVC.swift in Sources */,
				7F97476B1F01DC92003249D4 /* AppDelegate.swift in Sources */,
			);
			runOnlyForDeploymentPostprocessing = 0;
		};
/* End PBXSourcesBuildPhase section */

/* Begin PBXVariantGroup section */
		7F97476E1F01DC92003249D4 /* Main.storyboard */ = {
			isa = PBXVariantGroup;
			children = (
				7F97476F1F01DC92003249D4 /* Base */,
			);
			name = Main.storyboard;
			sourceTree = "<group>";
		};
		7F9747731F01DC92003249D4 /* LaunchScreen.storyboard */ = {
			isa = PBXVariantGroup;
			children = (
				7F9747741F01DC92003249D4 /* Base */,
			);
			name = LaunchScreen.storyboard;
			sourceTree = "<group>";
		};
/* End PBXVariantGroup section */

/* Begin XCBuildConfiguration section */
		7F9747771F01DC92003249D4 /* Debug */ = {
			isa = XCBuildConfiguration;
			buildSettings = {
				ALWAYS_SEARCH_USER_PATHS = NO;
				CLANG_ANALYZER_NONNULL = YES;
				CLANG_ANALYZER_NUMBER_OBJECT_CONVERSION = YES_AGGRESSIVE;
				CLANG_CXX_LANGUAGE_STANDARD = "gnu++0x";
				CLANG_CXX_LIBRARY = "libc++";
				CLANG_ENABLE_MODULES = YES;
				CLANG_ENABLE_OBJC_ARC = YES;
				CLANG_WARN_BOOL_CONVERSION = YES;
				CLANG_WARN_CONSTANT_CONVERSION = YES;
				CLANG_WARN_DIRECT_OBJC_ISA_USAGE = YES_ERROR;
				CLANG_WARN_DOCUMENTATION_COMMENTS = YES;
				CLANG_WARN_EMPTY_BODY = YES;
				CLANG_WARN_ENUM_CONVERSION = YES;
				CLANG_WARN_INFINITE_RECURSION = YES;
				CLANG_WARN_INT_CONVERSION = YES;
				CLANG_WARN_OBJC_ROOT_CLASS = YES_ERROR;
				CLANG_WARN_SUSPICIOUS_MOVE = YES;
				CLANG_WARN_UNREACHABLE_CODE = YES;
				CLANG_WARN__DUPLICATE_METHOD_MATCH = YES;
				"CODE_SIGN_IDENTITY[sdk=iphoneos*]" = "iPhone Developer";
				COPY_PHASE_STRIP = NO;
				DEBUG_INFORMATION_FORMAT = dwarf;
				ENABLE_STRICT_OBJC_MSGSEND = YES;
				ENABLE_TESTABILITY = YES;
				GCC_C_LANGUAGE_STANDARD = gnu99;
				GCC_DYNAMIC_NO_PIC = NO;
				GCC_NO_COMMON_BLOCKS = YES;
				GCC_OPTIMIZATION_LEVEL = 0;
				GCC_PREPROCESSOR_DEFINITIONS = (
					"DEBUG=1",
					"$(inherited)",
				);
				GCC_WARN_64_TO_32_BIT_CONVERSION = YES;
				GCC_WARN_ABOUT_RETURN_TYPE = YES_ERROR;
				GCC_WARN_UNDECLARED_SELECTOR = YES;
				GCC_WARN_UNINITIALIZED_AUTOS = YES_AGGRESSIVE;
				GCC_WARN_UNUSED_FUNCTION = YES;
				GCC_WARN_UNUSED_VARIABLE = YES;
				IPHONEOS_DEPLOYMENT_TARGET = 10.3;
				MTL_ENABLE_DEBUG_INFO = YES;
				ONLY_ACTIVE_ARCH = YES;
				SDKROOT = iphoneos;
				SWIFT_ACTIVE_COMPILATION_CONDITIONS = DEBUG;
				SWIFT_OPTIMIZATION_LEVEL = "-Onone";
			};
			name = Debug;
		};
		7F9747781F01DC92003249D4 /* Release */ = {
			isa = XCBuildConfiguration;
			buildSettings = {
				ALWAYS_SEARCH_USER_PATHS = NO;
				CLANG_ANALYZER_NONNULL = YES;
				CLANG_ANALYZER_NUMBER_OBJECT_CONVERSION = YES_AGGRESSIVE;
				CLANG_CXX_LANGUAGE_STANDARD = "gnu++0x";
				CLANG_CXX_LIBRARY = "libc++";
				CLANG_ENABLE_MODULES = YES;
				CLANG_ENABLE_OBJC_ARC = YES;
				CLANG_WARN_BOOL_CONVERSION = YES;
				CLANG_WARN_CONSTANT_CONVERSION = YES;
				CLANG_WARN_DIRECT_OBJC_ISA_USAGE = YES_ERROR;
				CLANG_WARN_DOCUMENTATION_COMMENTS = YES;
				CLANG_WARN_EMPTY_BODY = YES;
				CLANG_WARN_ENUM_CONVERSION = YES;
				CLANG_WARN_INFINITE_RECURSION = YES;
				CLANG_WARN_INT_CONVERSION = YES;
				CLANG_WARN_OBJC_ROOT_CLASS = YES_ERROR;
				CLANG_WARN_SUSPICIOUS_MOVE = YES;
				CLANG_WARN_UNREACHABLE_CODE = YES;
				CLANG_WARN__DUPLICATE_METHOD_MATCH = YES;
				"CODE_SIGN_IDENTITY[sdk=iphoneos*]" = "iPhone Developer";
				COPY_PHASE_STRIP = NO;
				DEBUG_INFORMATION_FORMAT = "dwarf-with-dsym";
				ENABLE_NS_ASSERTIONS = NO;
				ENABLE_STRICT_OBJC_MSGSEND = YES;
				GCC_C_LANGUAGE_STANDARD = gnu99;
				GCC_NO_COMMON_BLOCKS = YES;
				GCC_WARN_64_TO_32_BIT_CONVERSION = YES;
				GCC_WARN_ABOUT_RETURN_TYPE = YES_ERROR;
				GCC_WARN_UNDECLARED_SELECTOR = YES;
				GCC_WARN_UNINITIALIZED_AUTOS = YES_AGGRESSIVE;
				GCC_WARN_UNUSED_FUNCTION = YES;
				GCC_WARN_UNUSED_VARIABLE = YES;
				IPHONEOS_DEPLOYMENT_TARGET = 10.3;
				MTL_ENABLE_DEBUG_INFO = NO;
				SDKROOT = iphoneos;
				SWIFT_OPTIMIZATION_LEVEL = "-Owholemodule";
				VALIDATE_PRODUCT = YES;
			};
			name = Release;
		};
		7F97477A1F01DC92003249D4 /* Debug */ = {
			isa = XCBuildConfiguration;
			buildSettings = {
				ASSETCATALOG_COMPILER_APPICON_NAME = AppIcon;
				DEVELOPMENT_TEAM = 58EV2V79GJ;
				INFOPLIST_FILE = "Space Age/Info.plist";
				LD_RUNPATH_SEARCH_PATHS = "$(inherited) @executable_path/Frameworks";
				PRODUCT_BUNDLE_IDENTIFIER = "com.dp-productions.Space-Age";
				PRODUCT_NAME = "$(TARGET_NAME)";
				SWIFT_VERSION = 3.0;
			};
			name = Debug;
		};
		7F97477B1F01DC92003249D4 /* Release */ = {
			isa = XCBuildConfiguration;
			buildSettings = {
				ASSETCATALOG_COMPILER_APPICON_NAME = AppIcon;
				DEVELOPMENT_TEAM = 58EV2V79GJ;
				INFOPLIST_FILE = "Space Age/Info.plist";
				LD_RUNPATH_SEARCH_PATHS = "$(inherited) @executable_path/Frameworks";
				PRODUCT_BUNDLE_IDENTIFIER = "com.dp-productions.Space-Age";
				PRODUCT_NAME = "$(TARGET_NAME)";
				SWIFT_VERSION = 3.0;
			};
			name = Release;
		};
/* End XCBuildConfiguration section */

/* Begin XCConfigurationList section */
		7F9747621F01DC92003249D4 /* Build configuration list for PBXProject "Space Age" */ = {
			isa = XCConfigurationList;
			buildConfigurations = (
				7F9747771F01DC92003249D4 /* Debug */,
				7F9747781F01DC92003249D4 /* Release */,
			);
			defaultConfigurationIsVisible = 0;
			defaultConfigurationName = Release;
		};
		7F9747791F01DC92003249D4 /* Build configuration list for PBXNativeTarget "Space Age" */ = {
			isa = XCConfigurationList;
			buildConfigurations = (
				7F97477A1F01DC92003249D4 /* Debug */,
				7F97477B1F01DC92003249D4 /* Release */,
			);
			defaultConfigurationIsVisible = 0;
			defaultConfigurationName = Release;
		};
/* End XCConfigurationList section */
	};
	rootObject = 7F97475F1F01DC92003249D4 /* Project object */;
}
